{
  "requires": true,
  "lockfileVersion": 1,
  "dependencies": {
    "barn": {
      "version": "0.2.3",
      "resolved": "https://registry.npmjs.org/barn/-/barn-0.2.3.tgz",
      "integrity": "sha512-JGIBjiyyjrjpGQh0MB2W3MVHWqNwnhWsSRF+Ss6qZ0CaJFBicTCdyFCXO7Bm0cpHgQfTl8EFAUM6UO88spj9gw==",
      "requires": {
        "nsstorage": "0.0.3",
        "underscore": "1.8.3"
      }
    },
    "nsstorage": {
      "version": "0.0.3",
      "resolved": "https://registry.npmjs.org/nsstorage/-/nsstorage-0.0.3.tgz",
      "integrity": "sha1-EZebhppMTGCZGDMVNaUemNqV1zU="
    },
    "underscore": {
      "version": "1.8.3",
      "resolved": "https://registry.npmjs.org/underscore/-/underscore-1.8.3.tgz",
      "integrity": "sha1-Tz+1OxBuYJf8+ctBCfKl6b36UCI="
    }
  }
}
